
Microsoft Visual Studio Solution File, Format Version 12.00
# Visual Studio Version 17
VisualStudioVersion = 17.7.34031.279
MinimumVisualStudioVersion = 10.0.40219.1
Project("{FAE04EC0-301F-11D3-BF4B-00C04F79EFBC}") = "FrontToBackTask1", "FrontToBackTask1\FrontToBackTask1.csproj", "{2BB27FB6-1338-4671-9DAD-31F9E5BA11D2}"
EndProject
Global
	GlobalSection(SolutionConfigurationPlatforms) = preSolution
		Debug|Any CPU = Debug|Any CPU
		Release|Any CPU = Release|Any CPU
	EndGlobalSection
	GlobalSection(ProjectConfigurationPlatforms) = postSolution
		{2BB27FB6-1338-4671-9DAD-31F9E5BA11D2}.Debug|Any CPU.ActiveCfg = Debug|Any CPU
		{2BB27FB6-1338-4671-9DAD-31F9E5BA11D2}.Debug|Any CPU.Build.0 = Debug|Any CPU
		{2BB27FB6-1338-4671-9DAD-31F9E5BA11D2}.Release|Any CPU.ActiveCfg = Release|Any CPU
		{2BB27FB6-1338-4671-9DAD-31F9E5BA11D2}.Release|Any CPU.Build.0 = Release|Any CPU
	EndGlobalSection
	GlobalSection(SolutionProperties) = preSolution
		HideSolutionNode = FALSE
	EndGlobalSection
	GlobalSection(ExtensibilityGlobals) = postSolution
		SolutionGuid = {2649D586-5547-4CD6-BEDD-9C36FBCD8D69}
	EndGlobalSection
EndGlobal
